// !$*UTF8*$!
{
	archiveVersion = 1;
	classes = {
	};
	objectVersion = 46;
	objects = {

/* Begin PBXBuildFile section */
		1808E2C21D050D720045876A /* main.m in Sources */ = {isa = PBXBuildFile; fileRef = 1808E2C11D050D720045876A /* main.m */; };
		1808E2C51D050D720045876A /* AppDelegate.m in Sources */ = {isa = PBXBuildFile; fileRef = 1808E2C41D050D720045876A /* AppDelegate.m */; };
		1808E2C81D050D720045876A /* ViewController.m in Sources */ = {isa = PBXBuildFile; fileRef = 1808E2C71D050D720045876A /* ViewController.m */; };
		1808E2CB1D050D720045876A /* Main.storyboard in Resources */ = {isa = PBXBuildFile; fileRef = 1808E2C91D050D720045876A /* Main.storyboard */; };
		1808E2CD1D050D730045876A /* Assets.xcassets in Resources */ = {isa = PBXBuildFile; fileRef = 1808E2CC1D050D730045876A /* Assets.xcassets */; };
		1808E2D01D050D730045876A /* LaunchScreen.storyboard in Resources */ = {isa = PBXBuildFile; fileRef = 1808E2CE1D050D730045876A /* LaunchScreen.storyboard */; };
		1808E2DB1D050D730045876A /* webViewDemo2Tests.m in Sources */ = {isa = PBXBuildFile; fileRef = 1808E2DA1D050D730045876A /* webViewDemo2Tests.m */; };
		1808E2E61D050D730045876A /* webViewDemo2UITests.m in Sources */ = {isa = PBXBuildFile; fileRef = 1808E2E51D050D730045876A /* webViewDemo2UITests.m */; };
/* End PBXBuildFile section */

/* Begin PBXContainerItemProxy section */
		1808E2D71D050D730045876A /* PBXContainerItemProxy */ = {
			isa = PBXContainerItemProxy;
			containerPortal = 1808E2B51D050D720045876A /* Project object */;
			proxyType = 1;
			remoteGlobalIDString = 1808E2BC1D050D720045876A;
			remoteInfo = webViewDemo2;
		};
		1808E2E21D050D730045876A /* PBXContainerItemProxy */ = {
			isa = PBXContainerItemProxy;
			containerPortal = 1808E2B51D050D720045876A /* Project object */;
			proxyType = 1;
			remoteGlobalIDString = 1808E2BC1D050D720045876A;
			remoteInfo = webViewDemo2;
		};
/* End PBXContainerItemProxy section */

/* Begin PBXFileReference section */
		1808E2BD1D050D720045876A /* webViewDemo2.app */ = {isa = PBXFileReference; explicitFileType = wrapper.application; includeInIndex = 0; path = webViewDemo2.app; sourceTree = BUILT_PRODUCTS_DIR; };
		1808E2C11D050D720045876A /* main.m */ = {isa = PBXFileReference; lastKnownFileType = sourcecode.c.objc; path = main.m; sourceTree = "<group>"; };
		1808E2C31D050D720045876A /* AppDelegate.h */ = {isa = PBXFileReference; lastKnownFileType = sourcecode.c.h; path = AppDelegate.h; sourceTree = "<group>"; };
		1808E2C41D050D720045876A /* AppDelegate.m */ = {isa = PBXFileReference; lastKnownFileType = sourcecode.c.objc; path = AppDelegate.m; sourceTree = "<group>"; };
		1808E2C61D050D720045876A /* ViewController.h */ = {isa = PBXFileReference; lastKnownFileType = sourcecode.c.h; path = ViewController.h; sourceTree = "<group>"; };
		1808E2C71D050D720045876A /* ViewController.m */ = {isa = PBXFileReference; lastKnownFileType = sourcecode.c.objc; path = ViewController.m; sourceTree = "<group>"; };
		1808E2CA1D050D720045876A /* Base */ = {isa = PBXFileReference; lastKnownFileType = file.storyboard; name = Base; path = Base.lproj/Main.storyboard; sourceTree = "<group>"; };
		1808E2CC1D050D730045876A /* Assets.xcassets */ = {isa = PBXFileReference; lastKnownFileType = folder.assetcatalog; path = Assets.xcassets; sourceTree = "<group>"; };
		1808E2CF1D050D730045876A /* Base */ = {isa = PBXFileReference; lastKnownFileType = file.storyboard; name = Base; path = Base.lproj/LaunchScreen.storyboard; sourceTree = "<group>"; };
		1808E2D11D050D730045876A /* Info.plist */ = {isa = PBXFileReference; lastKnownFileType = text.plist.xml; path = Info.plist; sourceTree = "<group>"; };
		1808E2D61D050D730045876A /* webViewDemo2Tests.xctest */ = {isa = PBXFileReference; explicitFileType = wrapper.cfbundle; includeInIndex = 0; path = webViewDemo2Tests.xctest; sourceTree = BUILT_PRODUCTS_DIR; };
		1808E2DA1D050D730045876A /* webViewDemo2Tests.m */ = {isa = PBXFileReference; lastKnownFileType = sourcecode.c.objc; path = webViewDemo2Tests.m; sourceTree = "<group>"; };
		1808E2DC1D050D730045876A /* Info.plist */ = {isa = PBXFileReference; lastKnownFileType = text.plist.xml; path = Info.plist; sourceTree = "<group>"; };
		1808E2E11D050D730045876A /* webViewDemo2UITests.xctest */ = {isa = PBXFileReference; explicitFileType = wrapper.cfbundle; includeInIndex = 0; path = webViewDemo2UITests.xctest; sourceTree = BUILT_PRODUCTS_DIR; };
		1808E2E51D050D730045876A /* webViewDemo2UITests.m */ = {isa = PBXFileReference; lastKnownFileType = sourcecode.c.objc; path = webViewDemo2UITests.m; sourceTree = "<group>"; };
		1808E2E71D050D730045876A /* Info.plist */ = {isa = PBXFileReference; lastKnownFileType = text.plist.xml; path = Info.plist; sourceTree = "<group>"; };
/* End PBXFileReference section */

/* Begin PBXFrameworksBuildPhase section */
		1808E2BA1D050D720045876A /* Frameworks */ = {
			isa = PBXFrameworksBuildPhase;
			buildActionMask = 2147483647;
			files = (
			);
			runOnlyForDeploymentPostprocessing = 0;
		};
		1808E2D31D050D730045876A /* Frameworks */ = {
			isa = PBXFrameworksBuildPhase;
			buildActionMask = 2147483647;
			files = (
			);
			runOnlyForDeploymentPostprocessing = 0;
		};
		1808E2DE1D050D730045876A /* Frameworks */ = {
			isa = PBXFrameworksBuildPhase;
			buildActionMask = 2147483647;
			files = (
			);
			runOnlyForDeploymentPostprocessing = 0;
		};
/* End PBXFrameworksBuildPhase section */

/* Begin PBXGroup section */
		1808E2B41D050D720045876A = {
			isa = PBXGroup;
			children = (
				1808E2BF1D050D720045876A /* webViewDemo2 */,
				1808E2D91D050D730045876A /* webViewDemo2Tests */,
				1808E2E41D050D730045876A /* webViewDemo2UITests */,
				1808E2BE1D050D720045876A /* Products */,
			);
			sourceTree = "<group>";
		};
		1808E2BE1D050D720045876A /* Products */ = {
			isa = PBXGroup;
			children = (
				1808E2BD1D050D720045876A /* webViewDemo2.app */,
				1808E2D61D050D730045876A /* webViewDemo2Tests.xctest */,
				1808E2E11D050D730045876A /* webViewDemo2UITests.xctest */,
			);
			name = Products;
			sourceTree = "<group>";
		};
		1808E2BF1D050D720045876A /* webViewDemo2 */ = {
			isa = PBXGroup;
			children = (
				1808E2C31D050D720045876A /* AppDelegate.h */,
				1808E2C41D050D720045876A /* AppDelegate.m */,
				1808E2C61D050D720045876A /* ViewController.h */,
				1808E2C71D050D720045876A /* ViewController.m */,
				1808E2C91D050D720045876A /* Main.storyboard */,
				1808E2CC1D050D730045876A /* Assets.xcassets */,
				1808E2CE1D050D730045876A /* LaunchScreen.storyboard */,
				1808E2D11D050D730045876A /* Info.plist */,
				1808E2C01D050D720045876A /* Supporting Files */,
			);
			path = webViewDemo2;
			sourceTree = "<group>";
		};
		1808E2C01D050D720045876A /* Supporting Files */ = {
			isa = PBXGroup;
			children = (
				1808E2C11D050D720045876A /* main.m */,
			);
			name = "Supporting Files";
			sourceTree = "<group>";
		};
		1808E2D91D050D730045876A /* webViewDemo2Tests */ = {
			isa = PBXGroup;
			children = (
				1808E2DA1D050D730045876A /* webViewDemo2Tests.m */,
				1808E2DC1D050D730045876A /* Info.plist */,
			);
			path = webViewDemo2Tests;
			sourceTree = "<group>";
		};
		1808E2E41D050D730045876A /* webViewDemo2UITests */ = {
			isa = PBXGroup;
			children = (
				1808E2E51D050D730045876A /* webViewDemo2UITests.m */,
				1808E2E71D050D730045876A /* Info.plist */,
			);
			path = webViewDemo2UITests;
			sourceTree = "<group>";
		};
/* End PBXGroup section */

/* Begin PBXNativeTarget section */
		1808E2BC1D050D720045876A /* webViewDemo2 */ = {
			isa = PBXNativeTarget;
			buildConfigurationList = 1808E2EA1D050D730045876A /* Build configuration list for PBXNativeTarget "webViewDemo2" */;
			buildPhases = (
				1808E2B91D050D720045876A /* Sources */,
				1808E2BA1D050D720045876A /* Frameworks */,
				1808E2BB1D050D720045876A /* Resources */,
			);
			buildRules = (
			);
			dependencies = (
			);
			name = webViewDemo2;
			productName = webViewDemo2;
			productReference = 1808E2BD1D050D720045876A /* webViewDemo2.app */;
			productType = "com.apple.product-type.application";
		};
		1808E2D51D050D730045876A /* webViewDemo2Tests */ = {
			isa = PBXNativeTarget;
			buildConfigurationList = 1808E2ED1D050D730045876A /* Build configuration list for PBXNativeTarget "webViewDemo2Tests" */;
			buildPhases = (
				1808E2D21D050D730045876A /* Sources */,
				1808E2D31D050D730045876A /* Frameworks */,
				1808E2D41D050D730045876A /* Resources */,
			);
			buildRules = (
			);
			dependencies = (
				1808E2D81D050D730045876A /* PBXTargetDependency */,
			);
			name = webViewDemo2Tests;
			productName = webViewDemo2Tests;
			productReference = 1808E2D61D050D730045876A /* webViewDemo2Tests.xctest */;
			productType = "com.apple.product-type.bundle.unit-test";
		};
		1808E2E01D050D730045876A /* webViewDemo2UITests */ = {
			isa = PBXNativeTarget;
			buildConfigurationList = 1808E2F01D050D730045876A /* Build configuration list for PBXNativeTarget "webViewDemo2UITests" */;
			buildPhases = (
				1808E2DD1D050D730045876A /* Sources */,
				1808E2DE1D050D730045876A /* Frameworks */,
				1808E2DF1D050D730045876A /* Resources */,
			);
			buildRules = (
			);
			dependencies = (
				1808E2E31D050D730045876A /* PBXTargetDependency */,
			);
			name = webViewDemo2UITests;
			productName = webViewDemo2UITests;
			productReference = 1808E2E11D050D730045876A /* webViewDemo2UITests.xctest */;
			productType = "com.apple.product-type.bundle.ui-testing";
		};
/* End PBXNativeTarget section */

/* Begin PBXProject section */
		1808E2B51D050D720045876A /* Project object */ = {
			isa = PBXProject;
			attributes = {
				LastUpgradeCheck = 0710;
				ORGANIZATIONNAME = yulingsong;
				TargetAttributes = {
					1808E2BC1D050D720045876A = {
						CreatedOnToolsVersion = 7.1;
					};
					1808E2D51D050D730045876A = {
						CreatedOnToolsVersion = 7.1;
						TestTargetID = 1808E2BC1D050D720045876A;
					};
					1808E2E01D050D730045876A = {
						CreatedOnToolsVersion = 7.1;
						TestTargetID = 1808E2BC1D050D720045876A;
					};
				};
			};
			buildConfigurationList = 1808E2B81D050D720045876A /* Build configuration list for PBXProject "webViewDemo2" */;
			compatibilityVersion = "Xcode 3.2";
			developmentRegion = English;
			hasScannedForEncodings = 0;
			knownRegions = (
				en,
				Base,
			);
			mainGroup = 1808E2B41D050D720045876A;
			productRefGroup = 1808E2BE1D050D720045876A /* Products */;
			projectDirPath = "";
			projectRoot = "";
			targets = (
				1808E2BC1D050D720045876A /* webViewDemo2 */,
				1808E2D51D050D730045876A /* webViewDemo2Tests */,
				1808E2E01D050D730045876A /* webViewDemo2UITests */,
			);
		};
/* End PBXProject section */

/* Begin PBXResourcesBuildPhase section */
		1808E2BB1D050D720045876A /* Resources */ = {
			isa = PBXResourcesBuildPhase;
			buildActionMask = 2147483647;
			files = (
				1808E2D01D050D730045876A /* LaunchScreen.storyboard in Resources */,
				1808E2CD1D050D730045876A /* Assets.xcassets in Resources */,
				1808E2CB1D050D720045876A /* Main.storyboard in Resources */,
			);
			runOnlyForDeploymentPostprocessing = 0;
		};
		1808E2D41D050D730045876A /* Resources */ = {
			isa = PBXResourcesBuildPhase;
			buildActionMask = 2147483647;
			files = (
			);
			runOnlyForDeploymentPostprocessing = 0;
		};
		1808E2DF1D050D730045876A /* Resources */ = {
			isa = PBXResourcesBuildPhase;
			buildActionMask = 2147483647;
			files = (
			);
			runOnlyForDeploymentPostprocessing = 0;
		};
/* End PBXResourcesBuildPhase section */

/* Begin PBXSourcesBuildPhase section */
		1808E2B91D050D720045876A /* Sources */ = {
			isa = PBXSourcesBuildPhase;
			buildActionMask = 2147483647;
			files = (
				1808E2C81D050D720045876A /* ViewController.m in Sources */,
				1808E2C51D050D720045876A /* AppDelegate.m in Sources */,
				1808E2C21D050D720045876A /* main.m in Sources */,
			);
			runOnlyForDeploymentPostprocessing = 0;
		};
		1808E2D21D050D730045876A /* Sources */ = {
			isa = PBXSourcesBuildPhase;
			buildActionMask = 2147483647;
			files = (
				1808E2DB1D050D730045876A /* webViewDemo2Tests.m in Sources */,
			);
			runOnlyForDeploymentPostprocessing = 0;
		};
		1808E2DD1D050D730045876A /* Sources */ = {
			isa = PBXSourcesBuildPhase;
			buildActionMask = 2147483647;
			files = (
				1808E2E61D050D730045876A /* webViewDemo2UITests.m in Sources */,
			);
			runOnlyForDeploymentPostprocessing = 0;
		};
/* End PBXSourcesBuildPhase section */

/* Begin PBXTargetDependency section */
		1808E2D81D050D730045876A /* PBXTargetDependency */ = {
			isa = PBXTargetDependency;
			target = 1808E2BC1D050D720045876A /* webViewDemo2 */;
			targetProxy = 1808E2D71D050D730045876A /* PBXContainerItemProxy */;
		};
		1808E2E31D050D730045876A /* PBXTargetDependency */ = {
			isa = PBXTargetDependency;
			target = 1808E2BC1D050D720045876A /* webViewDemo2 */;
			targetProxy = 1808E2E21D050D730045876A /* PBXContainerItemProxy */;
		};
/* End PBXTargetDependency section */

/* Begin PBXVariantGroup section */
		1808E2C91D050D720045876A /* Main.storyboard */ = {
			isa = PBXVariantGroup;
			children = (
				1808E2CA1D050D720045876A /* Base */,
			);
			name = Main.storyboard;
			sourceTree = "<group>";
		};
		1808E2CE1D050D730045876A /* LaunchScreen.storyboard */ = {
			isa = PBXVariantGroup;
			children = (
				1808E2CF1D050D730045876A /* Base */,
			);
			name = LaunchScreen.storyboard;
			sourceTree = "<group>";
		};
/* End PBXVariantGroup section */

/* Begin XCBuildConfiguration section */
		1808E2E81D050D730045876A /* Debug */ = {
			isa = XCBuildConfiguration;
			buildSettings = {
				ALWAYS_SEARCH_USER_PATHS = NO;
				CLANG_CXX_LANGUAGE_STANDARD = "gnu++0x";
				CLANG_CXX_LIBRARY = "libc++";
				CLANG_ENABLE_MODULES = YES;
				CLANG_ENABLE_OBJC_ARC = YES;
				CLANG_WARN_BOOL_CONVERSION = YES;
				CLANG_WARN_CONSTANT_CONVERSION = YES;
				CLANG_WARN_DIRECT_OBJC_ISA_USAGE = YES_ERROR;
				CLANG_WARN_EMPTY_BODY = YES;
				CLANG_WARN_ENUM_CONVERSION = YES;
				CLANG_WARN_INT_CONVERSION = YES;
				CLANG_WARN_OBJC_ROOT_CLASS = YES_ERROR;
				CLANG_WARN_UNREACHABLE_CODE = YES;
				CLANG_WARN__DUPLICATE_METHOD_MATCH = YES;
				"CODE_SIGN_IDENTITY[sdk=iphoneos*]" = "iPhone Developer";
				COPY_PHASE_STRIP = NO;
				DEBUG_INFORMATION_FORMAT = dwarf;
				ENABLE_STRICT_OBJC_MSGSEND = YES;
				ENABLE_TESTABILITY = YES;
				GCC_C_LANGUAGE_STANDARD = gnu99;
				GCC_DYNAMIC_NO_PIC = NO;
				GCC_NO_COMMON_BLOCKS = YES;
				GCC_OPTIMIZATION_LEVEL = 0;
				GCC_PREPROCESSOR_DEFINITIONS = (
					"DEBUG=1",
					"$(inherited)",
				);
				GCC_WARN_64_TO_32_BIT_CONVERSION = YES;
				GCC_WARN_ABOUT_RETURN_TYPE = YES_ERROR;
				GCC_WARN_UNDECLARED_SELECTOR = YES;
				GCC_WARN_UNINITIALIZED_AUTOS = YES_AGGRESSIVE;
				GCC_WARN_UNUSED_FUNCTION = YES;
				GCC_WARN_UNUSED_VARIABLE = YES;
				IPHONEOS_DEPLOYMENT_TARGET = 9.1;
				MTL_ENABLE_DEBUG_INFO = YES;
				ONLY_ACTIVE_ARCH = YES;
				SDKROOT = iphoneos;
			};
			name = Debug;
		};
		1808E2E91D050D730045876A /* Release */ = {
			isa = XCBuildConfiguration;
			buildSettings = {
				ALWAYS_SEARCH_USER_PATHS = NO;
				CLANG_CXX_LANGUAGE_STANDARD = "gnu++0x";
				CLANG_CXX_LIBRARY = "libc++";
				CLANG_ENABLE_MODULES = YES;
				CLANG_ENABLE_OBJC_ARC = YES;
				CLANG_WARN_BOOL_CONVERSION = YES;
				CLANG_WARN_CONSTANT_CONVERSION = YES;
				CLANG_WARN_DIRECT_OBJC_ISA_USAGE = YES_ERROR;
				CLANG_WARN_EMPTY_BODY = YES;
				CLANG_WARN_ENUM_CONVERSION = YES;
				CLANG_WARN_INT_CONVERSION = YES;
				CLANG_WARN_OBJC_ROOT_CLASS = YES_ERROR;
				CLANG_WARN_UNREACHABLE_CODE = YES;
				CLANG_WARN__DUPLICATE_METHOD_MATCH = YES;
				"CODE_SIGN_IDENTITY[sdk=iphoneos*]" = "iPhone Developer";
				COPY_PHASE_STRIP = NO;
				DEBUG_INFORMATION_FORMAT = "dwarf-with-dsym";
				ENABLE_NS_ASSERTIONS = NO;
				ENABLE_STRICT_OBJC_MSGSEND = YES;
				GCC_C_LANGUAGE_STANDARD = gnu99;
				GCC_NO_COMMON_BLOCKS = YES;
				GCC_WARN_64_TO_32_BIT_CONVERSION = YES;
				GCC_WARN_ABOUT_RETURN_TYPE = YES_ERROR;
				GCC_WARN_UNDECLARED_SELECTOR = YES;
				GCC_WARN_UNINITIALIZED_AUTOS = YES_AGGRESSIVE;
				GCC_WARN_UNUSED_FUNCTION = YES;
				GCC_WARN_UNUSED_VARIABLE = YES;
				IPHONEOS_DEPLOYMENT_TARGET = 9.1;
				MTL_ENABLE_DEBUG_INFO = NO;
				SDKROOT = iphoneos;
				VALIDATE_PRODUCT = YES;
			};
			name = Release;
		};
		1808E2EB1D050D730045876A /* Debug */ = {
			isa = XCBuildConfiguration;
			buildSettings = {
				ASSETCATALOG_COMPILER_APPICON_NAME = AppIcon;
				INFOPLIST_FILE = webViewDemo2/Info.plist;
				LD_RUNPATH_SEARCH_PATHS = "$(inherited) @executable_path/Frameworks";
				PRODUCT_BUNDLE_IDENTIFIER = yulingsong.webViewDemo2;
				PRODUCT_NAME = "$(TARGET_NAME)";
			};
			name = Debug;
		};
		1808E2EC1D050D730045876A /* Release */ = {
			isa = XCBuildConfiguration;
			buildSettings = {
				ASSETCATALOG_COMPILER_APPICON_NAME = AppIcon;
				INFOPLIST_FILE = webViewDemo2/Info.plist;
				LD_RUNPATH_SEARCH_PATHS = "$(inherited) @executable_path/Frameworks";
				PRODUCT_BUNDLE_IDENTIFIER = yulingsong.webViewDemo2;
				PRODUCT_NAME = "$(TARGET_NAME)";
			};
			name = Release;
		};
		1808E2EE1D050D730045876A /* Debug */ = {
			isa = XCBuildConfiguration;
			buildSettings = {
				BUNDLE_LOADER = "$(TEST_HOST)";
				INFOPLIST_FILE = webViewDemo2Tests/Info.plist;
				LD_RUNPATH_SEARCH_PATHS = "$(inherited) @executable_path/Frameworks @loader_path/Frameworks";
				PRODUCT_BUNDLE_IDENTIFIER = yulingsong.webViewDemo2Tests;
				PRODUCT_NAME = "$(TARGET_NAME)";
				TEST_HOST = "$(BUILT_PRODUCTS_DIR)/webViewDemo2.app/webViewDemo2";
			};
			name = Debug;
		};
		1808E2EF1D050D730045876A /* Release */ = {
			isa = XCBuildConfiguration;
			buildSettings = {
				BUNDLE_LOADER = "$(TEST_HOST)";
				INFOPLIST_FILE = webViewDemo2Tests/Info.plist;
				LD_RUNPATH_SEARCH_PATHS = "$(inherited) @executable_path/Frameworks @loader_path/Frameworks";
				PRODUCT_BUNDLE_IDENTIFIER = yulingsong.webViewDemo2Tests;
				PRODUCT_NAME = "$(TARGET_NAME)";
				TEST_HOST = "$(BUILT_PRODUCTS_DIR)/webViewDemo2.app/webViewDemo2";
			};
			name = Release;
		};
		1808E2F11D050D730045876A /* Debug */ = {
			isa = XCBuildConfiguration;
			buildSettings = {
				INFOPLIST_FILE = webViewDemo2UITests/Info.plist;
				LD_RUNPATH_SEARCH_PATHS = "$(inherited) @executable_path/Frameworks @loader_path/Frameworks";
				PRODUCT_BUNDLE_IDENTIFIER = yulingsong.webViewDemo2UITests;
				PRODUCT_NAME = "$(TARGET_NAME)";
				TEST_TARGET_NAME = webViewDemo2;
				USES_XCTRUNNER = YES;
			};
			name = Debug;
		};
		1808E2F21D050D730045876A /* Release */ = {
			isa = XCBuildConfiguration;
			buildSettings = {
				INFOPLIST_FILE = webViewDemo2UITests/Info.plist;
				LD_RUNPATH_SEARCH_PATHS = "$(inherited) @executable_path/Frameworks @loader_path/Frameworks";
				PRODUCT_BUNDLE_IDENTIFIER = yulingsong.webViewDemo2UITests;
				PRODUCT_NAME = "$(TARGET_NAME)";
				TEST_TARGET_NAME = webViewDemo2;
				USES_XCTRUNNER = YES;
			};
			name = Release;
		};
/* End XCBuildConfiguration section */

/* Begin XCConfigurationList section */
		1808E2B81D050D720045876A /* Build configuration list for PBXProject "webViewDemo2" */ = {
			isa = XCConfigurationList;
			buildConfigurations = (
				1808E2E81D050D730045876A /* Debug */,
				1808E2E91D050D730045876A /* Release */,
			);
			defaultConfigurationIsVisible = 0;
			defaultConfigurationName = Release;
		};
		1808E2EA1D050D730045876A /* Build configuration list for PBXNativeTarget "webViewDemo2" */ = {
			isa = XCConfigurationList;
			buildConfigurations = (
				1808E2EB1D050D730045876A /* Debug */,
				1808E2EC1D050D730045876A /* Release */,
			);
			defaultConfigurationIsVisible = 0;
		};
		1808E2ED1D050D730045876A /* Build configuration list for PBXNativeTarget "webViewDemo2Tests" */ = {
			isa = XCConfigurationList;
			buildConfigurations = (
				1808E2EE1D050D730045876A /* Debug */,
				1808E2EF1D050D730045876A /* Release */,
			);
			defaultConfigurationIsVisible = 0;
		};
		1808E2F01D050D730045876A /* Build configuration list for PBXNativeTarget "webViewDemo2UITests" */ = {
			isa = XCConfigurationList;
			buildConfigurations = (
				1808E2F11D050D730045876A /* Debug */,
				1808E2F21D050D730045876A /* Release */,
			);
			defaultConfigurationIsVisible = 0;
		};
/* End XCConfigurationList section */
	};
	rootObject = 1808E2B51D050D720045876A /* Project object */;
}
